{
  "name": "next-todo-app",
  "version": "0.1.0",
  "lockfileVersion": 3,
  "requires": true,
  "packages": {
    "": {
      "name": "next-todo-app",
      "version": "0.1.0",
      "dependencies": {
        "@headlessui/react": "^1.7.18",
        "@heroicons/react": "^2.1.4",
        "@tailwindcss/forms": "^0.5.7",
        "class-variance-authority": "^0.7.1",
        "clsx": "^2.1.1",
        "lucide-react": "^0.375.0",
        "next": "14.2.13",
        "react": "18.2.0",
        "react-dom": "18.2.0",
        "reflect-metadata": "^0.2.2",
        "sqlite3": "^5.1.7",
        "tailwind-merge": "^2.5.2",
        "typeorm": "^0.3.20"
      },
      "devDependencies": {
        "@types/node": "^20.14.12",
        "@types/react": "^18.3.3",
        "@types/react-dom": "^18.3.0",
        "autoprefixer": "^10.4.19",
        "postcss": "^8.4.40",
        "tailwindcss": "^3.4.7",
        "ts-node": "^10.9.2",
        "typescript": "^5.4.5"
      }
    },
    "node_modules/next": {
      "version": "14.2.13",
      "resolved": "https://registry.npmjs.org/next/-/next-14.2.13.tgz",
      "integrity": "sha512-yYmX5jl7I4aQYE3QmajqLhVmlwJYWqp7LkH1Pby/i4Y8Y9FKW/cdR/4XYzls/DTx5w8z6v2kHETT+mMjKD2PAA==",
      "dependencies": {
        "@next/env": "14.2.13",
        "@swc/helpers": "0.5.11",
        "caniuse-lite": "^1.0.30001646",
        "postcss": "8.4.40",
        "styled-jsx": "5.1.1"
      },
      "bin": {
        "next": "dist/bin/next"
      },
      "engines": {
        "node": ">=18.17.0"
      },
      "optionalDependencies": {
        "@next/swc-darwin-arm64": "14.2.13",
        "@next/swc-darwin-x64": "14.2.13",
        "@next/swc-linux-arm64-gnu": "14.2.13",
        "@next/swc-linux-arm64-musl": "14.2.13",
        "@next/swc-linux-x64-gnu": "14.2.13",
        "@next/swc-linux-x64-musl": "14.2.13",
        "@next/swc-win32-arm64-msvc": "14.2.13",
        "@next/swc-win32-ia32-msvc": "14.2.13",
        "@next/swc-win32-x64-msvc": "14.2.13"
      }
    },
    "node_modules/react": {
      "version": "18.2.0",
      "resolved": "https://registry.npmjs.org/react/-/react-18.2.0.tgz",
      "integrity": "sha512-/3IjMdb2L9QbBdWiW5e3P2/npwMBaU9mHCSCUzNln0ZCYbcfTsGbTJrU/kGemdH2IWmB2ioZ+zkxtmq6g09fGQ==",
      "dependencies": {
        "loose-envify": "^1.1.0"
      },
      "engines": {
        "node": ">=0.10.0"
      }
    }
  }
}
